// !$*UTF8*$!
{
	archiveVersion = 1;
	classes = {
	};
	objectVersion = 51;
	objects = {

/* Begin PBXBuildFile section */
		35B37A1E25F9BF4200A2D8DF /* AppDelegate.swift in Sources */ = {isa = PBXBuildFile; fileRef = 35B37A1D25F9BF4200A2D8DF /* AppDelegate.swift */; };
		35B37A2025F9BF4200A2D8DF /* SceneDelegate.swift in Sources */ = {isa = PBXBuildFile; fileRef = 35B37A1F25F9BF4200A2D8DF /* SceneDelegate.swift */; };
		35B37A2525F9BF4300A2D8DF /* Main.storyboard in Resources */ = {isa = PBXBuildFile; fileRef = 35B37A2325F9BF4300A2D8DF /* Main.storyboard */; };
		35B37A2725F9BF4400A2D8DF /* Assets.xcassets in Resources */ = {isa = PBXBuildFile; fileRef = 35B37A2625F9BF4400A2D8DF /* Assets.xcassets */; };
		35B37A2A25F9BF4400A2D8DF /* LaunchScreen.storyboard in Resources */ = {isa = PBXBuildFile; fileRef = 35B37A2825F9BF4400A2D8DF /* LaunchScreen.storyboard */; };
		35B37A3525F9BF4400A2D8DF /* ParstagramTests.swift in Sources */ = {isa = PBXBuildFile; fileRef = 35B37A3425F9BF4400A2D8DF /* ParstagramTests.swift */; };
		35B37A4025F9BF4400A2D8DF /* ParstagramUITests.swift in Sources */ = {isa = PBXBuildFile; fileRef = 35B37A3F25F9BF4400A2D8DF /* ParstagramUITests.swift */; };
		35B37A6625F9C4BA00A2D8DF /* LoginViewController.swift in Sources */ = {isa = PBXBuildFile; fileRef = 35B37A6525F9C4BA00A2D8DF /* LoginViewController.swift */; };
		35B37A6B25F9C4D800A2D8DF /* FeedViewController.swift in Sources */ = {isa = PBXBuildFile; fileRef = 35B37A6A25F9C4D800A2D8DF /* FeedViewController.swift */; };
		35B37A7025F9CDD400A2D8DF /* CameraViewController.swift in Sources */ = {isa = PBXBuildFile; fileRef = 35B37A6F25F9CDD400A2D8DF /* CameraViewController.swift */; };
		35B37A8025F9DEB700A2D8DF /* PostCell.swift in Sources */ = {isa = PBXBuildFile; fileRef = 35B37A7F25F9DEB700A2D8DF /* PostCell.swift */; };
		604FA9E556A082003CE7EB33 /* Pods_Parstagram_ParstagramUITests.framework in Frameworks */ = {isa = PBXBuildFile; fileRef = A8740F88D339170769304A64 /* Pods_Parstagram_ParstagramUITests.framework */; };
		7147FCE7F8599116F9436079 /* Pods_ParstagramTests.framework in Frameworks */ = {isa = PBXBuildFile; fileRef = 6F654CCAC2082AE3C28C1C9D /* Pods_ParstagramTests.framework */; };
		A3BC722210652BC2CD14F62B /* Pods_Parstagram.framework in Frameworks */ = {isa = PBXBuildFile; fileRef = 9D62F3031F764D5B80634511 /* Pods_Parstagram.framework */; };
/* End PBXBuildFile section */

/* Begin PBXContainerItemProxy section */
		35B37A3125F9BF4400A2D8DF /* PBXContainerItemProxy */ = {
			isa = PBXContainerItemProxy;
			containerPortal = 35B37A1225F9BF4200A2D8DF /* Project object */;
			proxyType = 1;
			remoteGlobalIDString = 35B37A1925F9BF4200A2D8DF;
			remoteInfo = Parstagram;
		};
		35B37A3C25F9BF4400A2D8DF /* PBXContainerItemProxy */ = {
			isa = PBXContainerItemProxy;
			containerPortal = 35B37A1225F9BF4200A2D8DF /* Project object */;
			proxyType = 1;
			remoteGlobalIDString = 35B37A1925F9BF4200A2D8DF;
			remoteInfo = Parstagram;
		};
/* End PBXContainerItemProxy section */

/* Begin PBXFileReference section */
		0F22BCBB54DA4964D08831AE /* Pods-Parstagram-ParstagramUITests.debug.xcconfig */ = {isa = PBXFileReference; includeInIndex = 1; lastKnownFileType = text.xcconfig; name = "Pods-Parstagram-ParstagramUITests.debug.xcconfig"; path = "Target Support Files/Pods-Parstagram-ParstagramUITests/Pods-Parstagram-ParstagramUITests.debug.xcconfig"; sourceTree = "<group>"; };
		23AA629D389B1D3EF65FA2F3 /* Pods-Parstagram-ParstagramUITests.release.xcconfig */ = {isa = PBXFileReference; includeInIndex = 1; lastKnownFileType = text.xcconfig; name = "Pods-Parstagram-ParstagramUITests.release.xcconfig"; path = "Target Support Files/Pods-Parstagram-ParstagramUITests/Pods-Parstagram-ParstagramUITests.release.xcconfig"; sourceTree = "<group>"; };
		2B01220AB1AF628D0E1B0786 /* Pods-ParstagramTests.release.xcconfig */ = {isa = PBXFileReference; includeInIndex = 1; lastKnownFileType = text.xcconfig; name = "Pods-ParstagramTests.release.xcconfig"; path = "Target Support Files/Pods-ParstagramTests/Pods-ParstagramTests.release.xcconfig"; sourceTree = "<group>"; };
		35B37A1A25F9BF4200A2D8DF /* Parstagram.app */ = {isa = PBXFileReference; explicitFileType = wrapper.application; includeInIndex = 0; path = Parstagram.app; sourceTree = BUILT_PRODUCTS_DIR; };
		35B37A1D25F9BF4200A2D8DF /* AppDelegate.swift */ = {isa = PBXFileReference; lastKnownFileType = sourcecode.swift; path = AppDelegate.swift; sourceTree = "<group>"; };
		35B37A1F25F9BF4200A2D8DF /* SceneDelegate.swift */ = {isa = PBXFileReference; lastKnownFileType = sourcecode.swift; path = SceneDelegate.swift; sourceTree = "<group>"; };
		35B37A2425F9BF4300A2D8DF /* Base */ = {isa = PBXFileReference; lastKnownFileType = file.storyboard; name = Base; path = Base.lproj/Main.storyboard; sourceTree = "<group>"; };
		35B37A2625F9BF4400A2D8DF /* Assets.xcassets */ = {isa = PBXFileReference; lastKnownFileType = folder.assetcatalog; path = Assets.xcassets; sourceTree = "<group>"; };
		35B37A2925F9BF4400A2D8DF /* Base */ = {isa = PBXFileReference; lastKnownFileType = file.storyboard; name = Base; path = Base.lproj/LaunchScreen.storyboard; sourceTree = "<group>"; };
		35B37A2B25F9BF4400A2D8DF /* Info.plist */ = {isa = PBXFileReference; lastKnownFileType = text.plist.xml; path = Info.plist; sourceTree = "<group>"; };
		35B37A3025F9BF4400A2D8DF /* ParstagramTests.xctest */ = {isa = PBXFileReference; explicitFileType = wrapper.cfbundle; includeInIndex = 0; path = ParstagramTests.xctest; sourceTree = BUILT_PRODUCTS_DIR; };
		35B37A3425F9BF4400A2D8DF /* ParstagramTests.swift */ = {isa = PBXFileReference; lastKnownFileType = sourcecode.swift; path = ParstagramTests.swift; sourceTree = "<group>"; };
		35B37A3625F9BF4400A2D8DF /* Info.plist */ = {isa = PBXFileReference; lastKnownFileType = text.plist.xml; path = Info.plist; sourceTree = "<group>"; };
		35B37A3B25F9BF4400A2D8DF /* ParstagramUITests.xctest */ = {isa = PBXFileReference; explicitFileType = wrapper.cfbundle; includeInIndex = 0; path = ParstagramUITests.xctest; sourceTree = BUILT_PRODUCTS_DIR; };
		35B37A3F25F9BF4400A2D8DF /* ParstagramUITests.swift */ = {isa = PBXFileReference; lastKnownFileType = sourcecode.swift; path = ParstagramUITests.swift; sourceTree = "<group>"; };
		35B37A4125F9BF4400A2D8DF /* Info.plist */ = {isa = PBXFileReference; lastKnownFileType = text.plist.xml; path = Info.plist; sourceTree = "<group>"; };
		35B37A6525F9C4BA00A2D8DF /* LoginViewController.swift */ = {isa = PBXFileReference; lastKnownFileType = sourcecode.swift; path = LoginViewController.swift; sourceTree = "<group>"; };
		35B37A6A25F9C4D800A2D8DF /* FeedViewController.swift */ = {isa = PBXFileReference; lastKnownFileType = sourcecode.swift; path = FeedViewController.swift; sourceTree = "<group>"; };
		35B37A6F25F9CDD400A2D8DF /* CameraViewController.swift */ = {isa = PBXFileReference; lastKnownFileType = sourcecode.swift; path = CameraViewController.swift; sourceTree = "<group>"; };
		35B37A7F25F9DEB700A2D8DF /* PostCell.swift */ = {isa = PBXFileReference; lastKnownFileType = sourcecode.swift; path = PostCell.swift; sourceTree = "<group>"; };
		4205EA10B0C73248F04F0C1F /* Pods-Parstagram.debug.xcconfig */ = {isa = PBXFileReference; includeInIndex = 1; lastKnownFileType = text.xcconfig; name = "Pods-Parstagram.debug.xcconfig"; path = "Target Support Files/Pods-Parstagram/Pods-Parstagram.debug.xcconfig"; sourceTree = "<group>"; };
		6F654CCAC2082AE3C28C1C9D /* Pods_ParstagramTests.framework */ = {isa = PBXFileReference; explicitFileType = wrapper.framework; includeInIndex = 0; path = Pods_ParstagramTests.framework; sourceTree = BUILT_PRODUCTS_DIR; };
		737133AF94D242D3ABD7736C /* Pods-ParstagramTests.debug.xcconfig */ = {isa = PBXFileReference; includeInIndex = 1; lastKnownFileType = text.xcconfig; name = "Pods-ParstagramTests.debug.xcconfig"; path = "Target Support Files/Pods-ParstagramTests/Pods-ParstagramTests.debug.xcconfig"; sourceTree = "<group>"; };
		9D62F3031F764D5B80634511 /* Pods_Parstagram.framework */ = {isa = PBXFileReference; explicitFileType = wrapper.framework; includeInIndex = 0; path = Pods_Parstagram.framework; sourceTree = BUILT_PRODUCTS_DIR; };
		A8740F88D339170769304A64 /* Pods_Parstagram_ParstagramUITests.framework */ = {isa = PBXFileReference; explicitFileType = wrapper.framework; includeInIndex = 0; path = Pods_Parstagram_ParstagramUITests.framework; sourceTree = BUILT_PRODUCTS_DIR; };
		FA608D4D3FE8B988320C49DD /* Pods-Parstagram.release.xcconfig */ = {isa = PBXFileReference; includeInIndex = 1; lastKnownFileType = text.xcconfig; name = "Pods-Parstagram.release.xcconfig"; path = "Target Support Files/Pods-Parstagram/Pods-Parstagram.release.xcconfig"; sourceTree = "<group>"; };
/* End PBXFileReference section */

/* Begin PBXFrameworksBuildPhase section */
		35B37A1725F9BF4200A2D8DF /* Frameworks */ = {
			isa = PBXFrameworksBuildPhase;
			buildActionMask = 2147483647;
			files = (
				A3BC722210652BC2CD14F62B /* Pods_Parstagram.framework in Frameworks */,
			);
			runOnlyForDeploymentPostprocessing = 0;
		};
		35B37A2D25F9BF4400A2D8DF /* Frameworks */ = {
			isa = PBXFrameworksBuildPhase;
			buildActionMask = 2147483647;
			files = (
				7147FCE7F8599116F9436079 /* Pods_ParstagramTests.framework in Frameworks */,
			);
			runOnlyForDeploymentPostprocessing = 0;
		};
		35B37A3825F9BF4400A2D8DF /* Frameworks */ = {
			isa = PBXFrameworksBuildPhase;
			buildActionMask = 2147483647;
			files = (
				604FA9E556A082003CE7EB33 /* Pods_Parstagram_ParstagramUITests.framework in Frameworks */,
			);
			runOnlyForDeploymentPostprocessing = 0;
		};
/* End PBXFrameworksBuildPhase section */

/* Begin PBXGroup section */
		35B37A1125F9BF4200A2D8DF = {
			isa = PBXGroup;
			children = (
				35B37A1C25F9BF4200A2D8DF /* Parstagram */,
				35B37A3325F9BF4400A2D8DF /* ParstagramTests */,
				35B37A3E25F9BF4400A2D8DF /* ParstagramUITests */,
				35B37A1B25F9BF4200A2D8DF /* Products */,
				8B67DB3DA1F37434FCB217D7 /* Pods */,
				95B45AC8AD59BFBD1C2820B4 /* Frameworks */,
			);
			sourceTree = "<group>";
		};
		35B37A1B25F9BF4200A2D8DF /* Products */ = {
			isa = PBXGroup;
			children = (
				35B37A1A25F9BF4200A2D8DF /* Parstagram.app */,
				35B37A3025F9BF4400A2D8DF /* ParstagramTests.xctest */,
				35B37A3B25F9BF4400A2D8DF /* ParstagramUITests.xctest */,
			);
			name = Products;
			sourceTree = "<group>";
		};
		35B37A1C25F9BF4200A2D8DF /* Parstagram */ = {
			isa = PBXGroup;
			children = (
				35B37A1D25F9BF4200A2D8DF /* AppDelegate.swift */,
				35B37A1F25F9BF4200A2D8DF /* SceneDelegate.swift */,
				35B37A2325F9BF4300A2D8DF /* Main.storyboard */,
				35B37A2625F9BF4400A2D8DF /* Assets.xcassets */,
				35B37A2825F9BF4400A2D8DF /* LaunchScreen.storyboard */,
				35B37A2B25F9BF4400A2D8DF /* Info.plist */,
				35B37A6525F9C4BA00A2D8DF /* LoginViewController.swift */,
				35B37A6A25F9C4D800A2D8DF /* FeedViewController.swift */,
				35B37A6F25F9CDD400A2D8DF /* CameraViewController.swift */,
				35B37A7F25F9DEB700A2D8DF /* PostCell.swift */,
			);
			path = Parstagram;
			sourceTree = "<group>";
		};
		35B37A3325F9BF4400A2D8DF /* ParstagramTests */ = {
			isa = PBXGroup;
			children = (
				35B37A3425F9BF4400A2D8DF /* ParstagramTests.swift */,
				35B37A3625F9BF4400A2D8DF /* Info.plist */,
			);
			path = ParstagramTests;
			sourceTree = "<group>";
		};
		35B37A3E25F9BF4400A2D8DF /* ParstagramUITests */ = {
			isa = PBXGroup;
			children = (
				35B37A3F25F9BF4400A2D8DF /* ParstagramUITests.swift */,
				35B37A4125F9BF4400A2D8DF /* Info.plist */,
			);
			path = ParstagramUITests;
			sourceTree = "<group>";
		};
		8B67DB3DA1F37434FCB217D7 /* Pods */ = {
			isa = PBXGroup;
			children = (
				4205EA10B0C73248F04F0C1F /* Pods-Parstagram.debug.xcconfig */,
				FA608D4D3FE8B988320C49DD /* Pods-Parstagram.release.xcconfig */,
				0F22BCBB54DA4964D08831AE /* Pods-Parstagram-ParstagramUITests.debug.xcconfig */,
				23AA629D389B1D3EF65FA2F3 /* Pods-Parstagram-ParstagramUITests.release.xcconfig */,
				737133AF94D242D3ABD7736C /* Pods-ParstagramTests.debug.xcconfig */,
				2B01220AB1AF628D0E1B0786 /* Pods-ParstagramTests.release.xcconfig */,
			);
			path = Pods;
			sourceTree = "<group>";
		};
		95B45AC8AD59BFBD1C2820B4 /* Frameworks */ = {
			isa = PBXGroup;
			children = (
				9D62F3031F764D5B80634511 /* Pods_Parstagram.framework */,
				A8740F88D339170769304A64 /* Pods_Parstagram_ParstagramUITests.framework */,
				6F654CCAC2082AE3C28C1C9D /* Pods_ParstagramTests.framework */,
			);
			name = Frameworks;
			sourceTree = "<group>";
		};
/* End PBXGroup section */

/* Begin PBXNativeTarget section */
		35B37A1925F9BF4200A2D8DF /* Parstagram */ = {
			isa = PBXNativeTarget;
			buildConfigurationList = 35B37A4425F9BF4400A2D8DF /* Build configuration list for PBXNativeTarget "Parstagram" */;
			buildPhases = (
				D6BB9E6716CE5FEF36EA6A8B /* [CP] Check Pods Manifest.lock */,
				35B37A1625F9BF4200A2D8DF /* Sources */,
				35B37A1725F9BF4200A2D8DF /* Frameworks */,
				35B37A1825F9BF4200A2D8DF /* Resources */,
				32D4CA66877EDAB25DCB508C /* [CP] Embed Pods Frameworks */,
			);
			buildRules = (
			);
			dependencies = (
			);
			name = Parstagram;
			productName = Parstagram;
			productReference = 35B37A1A25F9BF4200A2D8DF /* Parstagram.app */;
			productType = "com.apple.product-type.application";
		};
		35B37A2F25F9BF4400A2D8DF /* ParstagramTests */ = {
			isa = PBXNativeTarget;
			buildConfigurationList = 35B37A4725F9BF4400A2D8DF /* Build configuration list for PBXNativeTarget "ParstagramTests" */;
			buildPhases = (
				500C220C6B6745955B088AFD /* [CP] Check Pods Manifest.lock */,
				35B37A2C25F9BF4400A2D8DF /* Sources */,
				35B37A2D25F9BF4400A2D8DF /* Frameworks */,
				35B37A2E25F9BF4400A2D8DF /* Resources */,
			);
			buildRules = (
			);
			dependencies = (
				35B37A3225F9BF4400A2D8DF /* PBXTargetDependency */,
			);
			name = ParstagramTests;
			productName = ParstagramTests;
			productReference = 35B37A3025F9BF4400A2D8DF /* ParstagramTests.xctest */;
			productType = "com.apple.product-type.bundle.unit-test";
		};
		35B37A3A25F9BF4400A2D8DF /* ParstagramUITests */ = {
			isa = PBXNativeTarget;
			buildConfigurationList = 35B37A4A25F9BF4400A2D8DF /* Build configuration list for PBXNativeTarget "ParstagramUITests" */;
			buildPhases = (
				9306B2EBD08AF297601E8241 /* [CP] Check Pods Manifest.lock */,
				35B37A3725F9BF4400A2D8DF /* Sources */,
				35B37A3825F9BF4400A2D8DF /* Frameworks */,
				35B37A3925F9BF4400A2D8DF /* Resources */,
				40E11749E789F19997464AFF /* [CP] Embed Pods Frameworks */,
			);
			buildRules = (
			);
			dependencies = (
				35B37A3D25F9BF4400A2D8DF /* PBXTargetDependency */,
			);
			name = ParstagramUITests;
			productName = ParstagramUITests;
			productReference = 35B37A3B25F9BF4400A2D8DF /* ParstagramUITests.xctest */;
			productType = "com.apple.product-type.bundle.ui-testing";
		};
/* End PBXNativeTarget section */

/* Begin PBXProject section */
		35B37A1225F9BF4200A2D8DF /* Project object */ = {
			isa = PBXProject;
			attributes = {
				LastSwiftUpdateCheck = 1240;
				LastUpgradeCheck = 1240;
				TargetAttributes = {
					35B37A1925F9BF4200A2D8DF = {
						CreatedOnToolsVersion = 12.4;
					};
					35B37A2F25F9BF4400A2D8DF = {
						CreatedOnToolsVersion = 12.4;
						TestTargetID = 35B37A1925F9BF4200A2D8DF;
					};
					35B37A3A25F9BF4400A2D8DF = {
						CreatedOnToolsVersion = 12.4;
						TestTargetID = 35B37A1925F9BF4200A2D8DF;
					};
				};
			};
			buildConfigurationList = 35B37A1525F9BF4200A2D8DF /* Build configuration list for PBXProject "Parstagram" */;
			compatibilityVersion = "Xcode 9.3";
			developmentRegion = en;
			hasScannedForEncodings = 0;
			knownRegions = (
				en,
				Base,
			);
			mainGroup = 35B37A1125F9BF4200A2D8DF;
			productRefGroup = 35B37A1B25F9BF4200A2D8DF /* Products */;
			projectDirPath = "";
			projectRoot = "";
			targets = (
				35B37A1925F9BF4200A2D8DF /* Parstagram */,
				35B37A2F25F9BF4400A2D8DF /* ParstagramTests */,
				35B37A3A25F9BF4400A2D8DF /* ParstagramUITests */,
			);
		};
/* End PBXProject section */

/* Begin PBXResourcesBuildPhase section */
		35B37A1825F9BF4200A2D8DF /* Resources */ = {
			isa = PBXResourcesBuildPhase;
			buildActionMask = 2147483647;
			files = (
				35B37A2A25F9BF4400A2D8DF /* LaunchScreen.storyboard in Resources */,
				35B37A2725F9BF4400A2D8DF /* Assets.xcassets in Resources */,
				35B37A2525F9BF4300A2D8DF /* Main.storyboard in Resources */,
			);
			runOnlyForDeploymentPostprocessing = 0;
		};
		35B37A2E25F9BF4400A2D8DF /* Resources */ = {
			isa = PBXResourcesBuildPhase;
			buildActionMask = 2147483647;
			files = (
			);
			runOnlyForDeploymentPostprocessing = 0;
		};
		35B37A3925F9BF4400A2D8DF /* Resources */ = {
			isa = PBXResourcesBuildPhase;
			buildActionMask = 2147483647;
			files = (
			);
			runOnlyForDeploymentPostprocessing = 0;
		};
/* End PBXResourcesBuildPhase section */

/* Begin PBXShellScriptBuildPhase section */
		32D4CA66877EDAB25DCB508C /* [CP] Embed Pods Frameworks */ = {
			isa = PBXShellScriptBuildPhase;
			buildActionMask = 2147483647;
			files = (
			);
			inputFileListPaths = (
				"${PODS_ROOT}/Target Support Files/Pods-Parstagram/Pods-Parstagram-frameworks-${CONFIGURATION}-input-files.xcfilelist",
			);
			name = "[CP] Embed Pods Frameworks";
			outputFileListPaths = (
				"${PODS_ROOT}/Target Support Files/Pods-Parstagram/Pods-Parstagram-frameworks-${CONFIGURATION}-output-files.xcfilelist",
			);
			runOnlyForDeploymentPostprocessing = 0;
			shellPath = /bin/sh;
			shellScript = "\"${PODS_ROOT}/Target Support Files/Pods-Parstagram/Pods-Parstagram-frameworks.sh\"\n";
			showEnvVarsInLog = 0;
		};
		40E11749E789F19997464AFF /* [CP] Embed Pods Frameworks */ = {
			isa = PBXShellScriptBuildPhase;
			buildActionMask = 2147483647;
			files = (
			);
			inputFileListPaths = (
				"${PODS_ROOT}/Target Support Files/Pods-Parstagram-ParstagramUITests/Pods-Parstagram-ParstagramUITests-frameworks-${CONFIGURATION}-input-files.xcfilelist",
			);
			name = "[CP] Embed Pods Frameworks";
			outputFileListPaths = (
				"${PODS_ROOT}/Target Support Files/Pods-Parstagram-ParstagramUITests/Pods-Parstagram-ParstagramUITests-frameworks-${CONFIGURATION}-output-files.xcfilelist",
			);
			runOnlyForDeploymentPostprocessing = 0;
			shellPath = /bin/sh;
			shellScript = "\"${PODS_ROOT}/Target Support Files/Pods-Parstagram-ParstagramUITests/Pods-Parstagram-ParstagramUITests-frameworks.sh\"\n";
			showEnvVarsInLog = 0;
		};
		500C220C6B6745955B088AFD /* [CP] Check Pods Manifest.lock */ = {
			isa = PBXShellScriptBuildPhase;
			buildActionMask = 2147483647;
			files = (
			);
			inputFileListPaths = (
			);
			inputPaths = (
				"${PODS_PODFILE_DIR_PATH}/Podfile.lock",
				"${PODS_ROOT}/Manifest.lock",
			);
			name = "[CP] Check Pods Manifest.lock";
			outputFileListPaths = (
			);
			outputPaths = (
				"$(DERIVED_FILE_DIR)/Pods-ParstagramTests-checkManifestLockResult.txt",
			);
			runOnlyForDeploymentPostprocessing = 0;
			shellPath = /bin/sh;
			shellScript = "diff \"${PODS_PODFILE_DIR_PATH}/Podfile.lock\" \"${PODS_ROOT}/Manifest.lock\" > /dev/null\nif [ $? != 0 ] ; then\n    # print error to STDERR\n    echo \"error: The sandbox is not in sync with the Podfile.lock. Run 'pod install' or update your CocoaPods installation.\" >&2\n    exit 1\nfi\n# This output is used by Xcode 'outputs' to avoid re-running this script phase.\necho \"SUCCESS\" > \"${SCRIPT_OUTPUT_FILE_0}\"\n";
			showEnvVarsInLog = 0;
		};
		9306B2EBD08AF297601E8241 /* [CP] Check Pods Manifest.lock */ = {
			isa = PBXShellScriptBuildPhase;
			buildActionMask = 2147483647;
			files = (
			);
			inputFileListPaths = (
			);
			inputPaths = (
				"${PODS_PODFILE_DIR_PATH}/Podfile.lock",
				"${PODS_ROOT}/Manifest.lock",
			);
			name = "[CP] Check Pods Manifest.lock";
			outputFileListPaths = (
			);
			outputPaths = (
				"$(DERIVED_FILE_DIR)/Pods-Parstagram-ParstagramUITests-checkManifestLockResult.txt",
			);
			runOnlyForDeploymentPostprocessing = 0;
			shellPath = /bin/sh;
			shellScript = "diff \"${PODS_PODFILE_DIR_PATH}/Podfile.lock\" \"${PODS_ROOT}/Manifest.lock\" > /dev/null\nif [ $? != 0 ] ; then\n    # print error to STDERR\n    echo \"error: The sandbox is not in sync with the Podfile.lock. Run 'pod install' or update your CocoaPods installation.\" >&2\n    exit 1\nfi\n# This output is used by Xcode 'outputs' to avoid re-running this script phase.\necho \"SUCCESS\" > \"${SCRIPT_OUTPUT_FILE_0}\"\n";
			showEnvVarsInLog = 0;
		};
		D6BB9E6716CE5FEF36EA6A8B /* [CP] Check Pods Manifest.lock */ = {
			isa = PBXShellScriptBuildPhase;
			buildActionMask = 2147483647;
			files = (
			);
			inputFileListPaths = (
			);
			inputPaths = (
				"${PODS_PODFILE_DIR_PATH}/Podfile.lock",
				"${PODS_ROOT}/Manifest.lock",
			);
			name = "[CP] Check Pods Manifest.lock";
			outputFileListPaths = (
			);
			outputPaths = (
				"$(DERIVED_FILE_DIR)/Pods-Parstagram-checkManifestLockResult.txt",
			);
			runOnlyForDeploymentPostprocessing = 0;
			shellPath = /bin/sh;
			shellScript = "diff \"${PODS_PODFILE_DIR_PATH}/Podfile.lock\" \"${PODS_ROOT}/Manifest.lock\" > /dev/null\nif [ $? != 0 ] ; then\n    # print error to STDERR\n    echo \"error: The sandbox is not in sync with the Podfile.lock. Run 'pod install' or update your CocoaPods installation.\" >&2\n    exit 1\nfi\n# This output is used by Xcode 'outputs' to avoid re-running this script phase.\necho \"SUCCESS\" > \"${SCRIPT_OUTPUT_FILE_0}\"\n";
			showEnvVarsInLog = 0;
		};
/* End PBXShellScriptBuildPhase section */

/* Begin PBXSourcesBuildPhase section */
		35B37A1625F9BF4200A2D8DF /* Sources */ = {
			isa = PBXSourcesBuildPhase;
			buildActionMask = 2147483647;
			files = (
				35B37A6625F9C4BA00A2D8DF /* LoginViewController.swift in Sources */,
				35B37A7025F9CDD400A2D8DF /* CameraViewController.swift in Sources */,
				35B37A1E25F9BF4200A2D8DF /* AppDelegate.swift in Sources */,
				35B37A6B25F9C4D800A2D8DF /* FeedViewController.swift in Sources */,
				35B37A2025F9BF4200A2D8DF /* SceneDelegate.swift in Sources */,
				35B37A8025F9DEB700A2D8DF /* PostCell.swift in Sources */,
			);
			runOnlyForDeploymentPostprocessing = 0;
		};
		35B37A2C25F9BF4400A2D8DF /* Sources */ = {
			isa = PBXSourcesBuildPhase;
			buildActionMask = 2147483647;
			files = (
				35B37A3525F9BF4400A2D8DF /* ParstagramTests.swift in Sources */,
			);
			runOnlyForDeploymentPostprocessing = 0;
		};
		35B37A3725F9BF4400A2D8DF /* Sources */ = {
			isa = PBXSourcesBuildPhase;
			buildActionMask = 2147483647;
			files = (
				35B37A4025F9BF4400A2D8DF /* ParstagramUITests.swift in Sources */,
			);
			runOnlyForDeploymentPostprocessing = 0;
		};
/* End PBXSourcesBuildPhase section */

/* Begin PBXTargetDependency section */
		35B37A3225F9BF4400A2D8DF /* PBXTargetDependency */ = {
			isa = PBXTargetDependency;
			target = 35B37A1925F9BF4200A2D8DF /* Parstagram */;
			targetProxy = 35B37A3125F9BF4400A2D8DF /* PBXContainerItemProxy */;
		};
		35B37A3D25F9BF4400A2D8DF /* PBXTargetDependency */ = {
			isa = PBXTargetDependency;
			target = 35B37A1925F9BF4200A2D8DF /* Parstagram */;
			targetProxy = 35B37A3C25F9BF4400A2D8DF /* PBXContainerItemProxy */;
		};
/* End PBXTargetDependency section */

/* Begin PBXVariantGroup section */
		35B37A2325F9BF4300A2D8DF /* Main.storyboard */ = {
			isa = PBXVariantGroup;
			children = (
				35B37A2425F9BF4300A2D8DF /* Base */,
			);
			name = Main.storyboard;
			sourceTree = "<group>";
		};
		35B37A2825F9BF4400A2D8DF /* LaunchScreen.storyboard */ = {
			isa = PBXVariantGroup;
			children = (
				35B37A2925F9BF4400A2D8DF /* Base */,
			);
			name = LaunchScreen.storyboard;
			sourceTree = "<group>";
		};
/* End PBXVariantGroup section */

/* Begin XCBuildConfiguration section */
		35B37A4225F9BF4400A2D8DF /* Debug */ = {
			isa = XCBuildConfiguration;
			buildSettings = {
				ALWAYS_SEARCH_USER_PATHS = NO;
				CLANG_ANALYZER_NONNULL = YES;
				CLANG_ANALYZER_NUMBER_OBJECT_CONVERSION = YES_AGGRESSIVE;
				CLANG_CXX_LANGUAGE_STANDARD = "gnu++14";
				CLANG_CXX_LIBRARY = "libc++";
				CLANG_ENABLE_MODULES = YES;
				CLANG_ENABLE_OBJC_ARC = YES;
				CLANG_ENABLE_OBJC_WEAK = YES;
				CLANG_WARN_BLOCK_CAPTURE_AUTORELEASING = YES;
				CLANG_WARN_BOOL_CONVERSION = YES;
				CLANG_WARN_COMMA = YES;
				CLANG_WARN_CONSTANT_CONVERSION = YES;
				CLANG_WARN_DEPRECATED_OBJC_IMPLEMENTATIONS = YES;
				CLANG_WARN_DIRECT_OBJC_ISA_USAGE = YES_ERROR;
				CLANG_WARN_DOCUMENTATION_COMMENTS = YES;
				CLANG_WARN_EMPTY_BODY = YES;
				CLANG_WARN_ENUM_CONVERSION = YES;
				CLANG_WARN_INFINITE_RECURSION = YES;
				CLANG_WARN_INT_CONVERSION = YES;
				CLANG_WARN_NON_LITERAL_NULL_CONVERSION = YES;
				CLANG_WARN_OBJC_IMPLICIT_RETAIN_SELF = YES;
				CLANG_WARN_OBJC_LITERAL_CONVERSION = YES;
				CLANG_WARN_OBJC_ROOT_CLASS = YES_ERROR;
				CLANG_WARN_QUOTED_INCLUDE_IN_FRAMEWORK_HEADER = YES;
				CLANG_WARN_RANGE_LOOP_ANALYSIS = YES;
				CLANG_WARN_STRICT_PROTOTYPES = YES;
				CLANG_WARN_SUSPICIOUS_MOVE = YES;
				CLANG_WARN_UNGUARDED_AVAILABILITY = YES_AGGRESSIVE;
				CLANG_WARN_UNREACHABLE_CODE = YES;
				CLANG_WARN__DUPLICATE_METHOD_MATCH = YES;
				COPY_PHASE_STRIP = NO;
				DEBUG_INFORMATION_FORMAT = dwarf;
				ENABLE_STRICT_OBJC_MSGSEND = YES;
				ENABLE_TESTABILITY = YES;
				GCC_C_LANGUAGE_STANDARD = gnu11;
				GCC_DYNAMIC_NO_PIC = NO;
				GCC_NO_COMMON_BLOCKS = YES;
				GCC_OPTIMIZATION_LEVEL = 0;
				GCC_PREPROCESSOR_DEFINITIONS = (
					"DEBUG=1",
					"$(inherited)",
				);
				GCC_WARN_64_TO_32_BIT_CONVERSION = YES;
				GCC_WARN_ABOUT_RETURN_TYPE = YES_ERROR;
				GCC_WARN_UNDECLARED_SELECTOR = YES;
				GCC_WARN_UNINITIALIZED_AUTOS = YES_AGGRESSIVE;
				GCC_WARN_UNUSED_FUNCTION = YES;
				GCC_WARN_UNUSED_VARIABLE = YES;
				IPHONEOS_DEPLOYMENT_TARGET = 14.4;
				MTL_ENABLE_DEBUG_INFO = INCLUDE_SOURCE;
				MTL_FAST_MATH = YES;
				ONLY_ACTIVE_ARCH = YES;
				SDKROOT = iphoneos;
				SWIFT_ACTIVE_COMPILATION_CONDITIONS = DEBUG;
				SWIFT_OPTIMIZATION_LEVEL = "-Onone";
			};
			name = Debug;
		};
		35B37A4325F9BF4400A2D8DF /* Release */ = {
			isa = XCBuildConfiguration;
			buildSettings = {
				ALWAYS_SEARCH_USER_PATHS = NO;
				CLANG_ANALYZER_NONNULL = YES;
				CLANG_ANALYZER_NUMBER_OBJECT_CONVERSION = YES_AGGRESSIVE;
				CLANG_CXX_LANGUAGE_STANDARD = "gnu++14";
				CLANG_CXX_LIBRARY = "libc++";
				CLANG_ENABLE_MODULES = YES;
				CLANG_ENABLE_OBJC_ARC = YES;
				CLANG_ENABLE_OBJC_WEAK = YES;
				CLANG_WARN_BLOCK_CAPTURE_AUTORELEASING = YES;
				CLANG_WARN_BOOL_CONVERSION = YES;
				CLANG_WARN_COMMA = YES;
				CLANG_WARN_CONSTANT_CONVERSION = YES;
				CLANG_WARN_DEPRECATED_OBJC_IMPLEMENTATIONS = YES;
				CLANG_WARN_DIRECT_OBJC_ISA_USAGE = YES_ERROR;
				CLANG_WARN_DOCUMENTATION_COMMENTS = YES;
				CLANG_WARN_EMPTY_BODY = YES;
				CLANG_WARN_ENUM_CONVERSION = YES;
				CLANG_WARN_INFINITE_RECURSION = YES;
				CLANG_WARN_INT_CONVERSION = YES;
				CLANG_WARN_NON_LITERAL_NULL_CONVERSION = YES;
				CLANG_WARN_OBJC_IMPLICIT_RETAIN_SELF = YES;
				CLANG_WARN_OBJC_LITERAL_CONVERSION = YES;
				CLANG_WARN_OBJC_ROOT_CLASS = YES_ERROR;
				CLANG_WARN_QUOTED_INCLUDE_IN_FRAMEWORK_HEADER = YES;
				CLANG_WARN_RANGE_LOOP_ANALYSIS = YES;
				CLANG_WARN_STRICT_PROTOTYPES = YES;
				CLANG_WARN_SUSPICIOUS_MOVE = YES;
				CLANG_WARN_UNGUARDED_AVAILABILITY = YES_AGGRESSIVE;
				CLANG_WARN_UNREACHABLE_CODE = YES;
				CLANG_WARN__DUPLICATE_METHOD_MATCH = YES;
				COPY_PHASE_STRIP = NO;
				DEBUG_INFORMATION_FORMAT = "dwarf-with-dsym";
				ENABLE_NS_ASSERTIONS = NO;
				ENABLE_STRICT_OBJC_MSGSEND = YES;
				GCC_C_LANGUAGE_STANDARD = gnu11;
				GCC_NO_COMMON_BLOCKS = YES;
				GCC_WARN_64_TO_32_BIT_CONVERSION = YES;
				GCC_WARN_ABOUT_RETURN_TYPE = YES_ERROR;
				GCC_WARN_UNDECLARED_SELECTOR = YES;
				GCC_WARN_UNINITIALIZED_AUTOS = YES_AGGRESSIVE;
				GCC_WARN_UNUSED_FUNCTION = YES;
				GCC_WARN_UNUSED_VARIABLE = YES;
				IPHONEOS_DEPLOYMENT_TARGET = 14.4;
				MTL_ENABLE_DEBUG_INFO = NO;
				MTL_FAST_MATH = YES;
				SDKROOT = iphoneos;
				SWIFT_COMPILATION_MODE = wholemodule;
				SWIFT_OPTIMIZATION_LEVEL = "-O";
				VALIDATE_PRODUCT = YES;
			};
			name = Release;
		};
		35B37A4525F9BF4400A2D8DF /* Debug */ = {
			isa = XCBuildConfiguration;
			baseConfigurationReference = 4205EA10B0C73248F04F0C1F /* Pods-Parstagram.debug.xcconfig */;
			buildSettings = {
				ASSETCATALOG_COMPILER_APPICON_NAME = AppIcon;
				ASSETCATALOG_COMPILER_GLOBAL_ACCENT_COLOR_NAME = AccentColor;
				CODE_SIGN_STYLE = Automatic;
				INFOPLIST_FILE = Parstagram/Info.plist;
				LD_RUNPATH_SEARCH_PATHS = (
					"$(inherited)",
					"@executable_path/Frameworks",
				);
				PRODUCT_BUNDLE_IDENTIFIER = CodePath.Parstagram;
				PRODUCT_NAME = "$(TARGET_NAME)";
				SWIFT_VERSION = 5.0;
				TARGETED_DEVICE_FAMILY = "1,2";
			};
			name = Debug;
		};
		35B37A4625F9BF4400A2D8DF /* Release */ = {
			isa = XCBuildConfiguration;
			baseConfigurationReference = FA608D4D3FE8B988320C49DD /* Pods-Parstagram.release.xcconfig */;
			buildSettings = {
				ASSETCATALOG_COMPILER_APPICON_NAME = AppIcon;
				ASSETCATALOG_COMPILER_GLOBAL_ACCENT_COLOR_NAME = AccentColor;
				CODE_SIGN_STYLE = Automatic;
				INFOPLIST_FILE = Parstagram/Info.plist;
				LD_RUNPATH_SEARCH_PATHS = (
					"$(inherited)",
					"@executable_path/Frameworks",
				);
				PRODUCT_BUNDLE_IDENTIFIER = CodePath.Parstagram;
				PRODUCT_NAME = "$(TARGET_NAME)";
				SWIFT_VERSION = 5.0;
				TARGETED_DEVICE_FAMILY = "1,2";
			};
			name = Release;
		};
		35B37A4825F9BF4400A2D8DF /* Debug */ = {
			isa = XCBuildConfiguration;
			baseConfigurationReference = 737133AF94D242D3ABD7736C /* Pods-ParstagramTests.debug.xcconfig */;
			buildSettings = {
				ALWAYS_EMBED_SWIFT_STANDARD_LIBRARIES = YES;
				BUNDLE_LOADER = "$(TEST_HOST)";
				CODE_SIGN_STYLE = Automatic;
				INFOPLIST_FILE = ParstagramTests/Info.plist;
				IPHONEOS_DEPLOYMENT_TARGET = 14.4;
				LD_RUNPATH_SEARCH_PATHS = (
					"$(inherited)",
					"@executable_path/Frameworks",
					"@loader_path/Frameworks",
				);
				PRODUCT_BUNDLE_IDENTIFIER = CodePath.ParstagramTests;
				PRODUCT_NAME = "$(TARGET_NAME)";
				SWIFT_VERSION = 5.0;
				TARGETED_DEVICE_FAMILY = "1,2";
				TEST_HOST = "$(BUILT_PRODUCTS_DIR)/Parstagram.app/Parstagram";
			};
			name = Debug;
		};
		35B37A4925F9BF4400A2D8DF /* Release */ = {
			isa = XCBuildConfiguration;
			baseConfigurationReference = 2B01220AB1AF628D0E1B0786 /* Pods-ParstagramTests.release.xcconfig */;
			buildSettings = {
				ALWAYS_EMBED_SWIFT_STANDARD_LIBRARIES = YES;
				BUNDLE_LOADER = "$(TEST_HOST)";
				CODE_SIGN_STYLE = Automatic;
				INFOPLIST_FILE = ParstagramTests/Info.plist;
				IPHONEOS_DEPLOYMENT_TARGET = 14.4;
				LD_RUNPATH_SEARCH_PATHS = (
					"$(inherited)",
					"@executable_path/Frameworks",
					"@loader_path/Frameworks",
				);
				PRODUCT_BUNDLE_IDENTIFIER = CodePath.ParstagramTests;
				PRODUCT_NAME = "$(TARGET_NAME)";
				SWIFT_VERSION = 5.0;
				TARGETED_DEVICE_FAMILY = "1,2";
				TEST_HOST = "$(BUILT_PRODUCTS_DIR)/Parstagram.app/Parstagram";
			};
			name = Release;
		};
		35B37A4B25F9BF4400A2D8DF /* Debug */ = {
			isa = XCBuildConfiguration;
			baseConfigurationReference = 0F22BCBB54DA4964D08831AE /* Pods-Parstagram-ParstagramUITests.debug.xcconfig */;
			buildSettings = {
				ALWAYS_EMBED_SWIFT_STANDARD_LIBRARIES = YES;
				CODE_SIGN_STYLE = Automatic;
				INFOPLIST_FILE = ParstagramUITests/Info.plist;
				LD_RUNPATH_SEARCH_PATHS = (
					"$(inherited)",
					"@executable_path/Frameworks",
					"@loader_path/Frameworks",
				);
				PRODUCT_BUNDLE_IDENTIFIER = CodePath.ParstagramUITests;
				PRODUCT_NAME = "$(TARGET_NAME)";
				SWIFT_VERSION = 5.0;
				TARGETED_DEVICE_FAMILY = "1,2";
				TEST_TARGET_NAME = Parstagram;
			};
			name = Debug;
		};
		35B37A4C25F9BF4400A2D8DF /* Release */ = {
			isa = XCBuildConfiguration;
			baseConfigurationReference = 23AA629D389B1D3EF65FA2F3 /* Pods-Parstagram-ParstagramUITests.release.xcconfig */;
			buildSettings = {
				ALWAYS_EMBED_SWIFT_STANDARD_LIBRARIES = YES;
				CODE_SIGN_STYLE = Automatic;
				INFOPLIST_FILE = ParstagramUITests/Info.plist;
				LD_RUNPATH_SEARCH_PATHS = (
					"$(inherited)",
					"@executable_path/Frameworks",
					"@loader_path/Frameworks",
				);
				PRODUCT_BUNDLE_IDENTIFIER = CodePath.ParstagramUITests;
				PRODUCT_NAME = "$(TARGET_NAME)";
				SWIFT_VERSION = 5.0;
				TARGETED_DEVICE_FAMILY = "1,2";
				TEST_TARGET_NAME = Parstagram;
			};
			name = Release;
		};
/* End XCBuildConfiguration section */

/* Begin XCConfigurationList section */
		35B37A1525F9BF4200A2D8DF /* Build configuration list for PBXProject "Parstagram" */ = {
			isa = XCConfigurationList;
			buildConfigurations = (
				35B37A4225F9BF4400A2D8DF /* Debug */,
				35B37A4325F9BF4400A2D8DF /* Release */,
			);
			defaultConfigurationIsVisible = 0;
			defaultConfigurationName = Release;
		};
		35B37A4425F9BF4400A2D8DF /* Build configuration list for PBXNativeTarget "Parstagram" */ = {
			isa = XCConfigurationList;
			buildConfigurations = (
				35B37A4525F9BF4400A2D8DF /* Debug */,
				35B37A4625F9BF4400A2D8DF /* Release */,
			);
			defaultConfigurationIsVisible = 0;
			defaultConfigurationName = Release;
		};
		35B37A4725F9BF4400A2D8DF /* Build configuration list for PBXNativeTarget "ParstagramTests" */ = {
			isa = XCConfigurationList;
			buildConfigurations = (
				35B37A4825F9BF4400A2D8DF /* Debug */,
				35B37A4925F9BF4400A2D8DF /* Release */,
			);
			defaultConfigurationIsVisible = 0;
			defaultConfigurationName = Release;
		};
		35B37A4A25F9BF4400A2D8DF /* Build configuration list for PBXNativeTarget "ParstagramUITests" */ = {
			isa = XCConfigurationList;
			buildConfigurations = (
				35B37A4B25F9BF4400A2D8DF /* Debug */,
				35B37A4C25F9BF4400A2D8DF /* Release */,
			);
			defaultConfigurationIsVisible = 0;
			defaultConfigurationName = Release;
		};
/* End XCConfigurationList section */
	};
	rootObject = 35B37A1225F9BF4200A2D8DF /* Project object */;
}
